
Microsoft Visual Studio Solution File, Format Version 12.00
# Visual Studio Version 16
VisualStudioVersion = 16.0.29926.136
MinimumVisualStudioVersion = 10.0.40219.1
Project("{FAE04EC0-301F-11D3-BF4B-00C04F79EFBC}") = "Klasy", "Klasy\Klasy.csproj", "{3D8C16A4-77FF-489F-ABCA-CEFD4E051239}"
EndProject
Project("{FAE04EC0-301F-11D3-BF4B-00C04F79EFBC}") = "Dziedziczenie", "Dziedziczenie\Dziedziczenie.csproj", "{034C98E3-F40A-41B5-8B38-5799E8FD58C7}"
EndProject
Project("{FAE04EC0-301F-11D3-BF4B-00C04F79EFBC}") = "MiniShop", "MiniShop\MiniShop.csproj", "{93270D6A-2547-49DF-8E32-D9814856CC95}"
EndProject
Global
	GlobalSection(SolutionConfigurationPlatforms) = preSolution
		Debug|Any CPU = Debug|Any CPU
		Release|Any CPU = Release|Any CPU
	EndGlobalSection
	GlobalSection(ProjectConfigurationPlatforms) = postSolution
		{3D8C16A4-77FF-489F-ABCA-CEFD4E051239}.Debug|Any CPU.ActiveCfg = Debug|Any CPU
		{3D8C16A4-77FF-489F-ABCA-CEFD4E051239}.Debug|Any CPU.Build.0 = Debug|Any CPU
		{3D8C16A4-77FF-489F-ABCA-CEFD4E051239}.Release|Any CPU.ActiveCfg = Release|Any CPU
		{3D8C16A4-77FF-489F-ABCA-CEFD4E051239}.Release|Any CPU.Build.0 = Release|Any CPU
		{034C98E3-F40A-41B5-8B38-5799E8FD58C7}.Debug|Any CPU.ActiveCfg = Debug|Any CPU
		{034C98E3-F40A-41B5-8B38-5799E8FD58C7}.Debug|Any CPU.Build.0 = Debug|Any CPU
		{034C98E3-F40A-41B5-8B38-5799E8FD58C7}.Release|Any CPU.ActiveCfg = Release|Any CPU
		{034C98E3-F40A-41B5-8B38-5799E8FD58C7}.Release|Any CPU.Build.0 = Release|Any CPU
		{93270D6A-2547-49DF-8E32-D9814856CC95}.Debug|Any CPU.ActiveCfg = Debug|Any CPU
		{93270D6A-2547-49DF-8E32-D9814856CC95}.Debug|Any CPU.Build.0 = Debug|Any CPU
		{93270D6A-2547-49DF-8E32-D9814856CC95}.Release|Any CPU.ActiveCfg = Release|Any CPU
		{93270D6A-2547-49DF-8E32-D9814856CC95}.Release|Any CPU.Build.0 = Release|Any CPU
	EndGlobalSection
	GlobalSection(SolutionProperties) = preSolution
		HideSolutionNode = FALSE
	EndGlobalSection
	GlobalSection(ExtensibilityGlobals) = postSolution
		SolutionGuid = {A38B93BD-9783-4031-924E-0E3A92FA5491}
	EndGlobalSection
EndGlobal
